// !$*UTF8*$!
{
	archiveVersion = 1;
	classes = {
	};
	objectVersion = 50;
	objects = {

/* Begin PBXBuildFile section */
		B93405E0264E9E07007D6EFF /* CollectionViewCell.swift in Sources */ = {isa = PBXBuildFile; fileRef = B93405DE264E9E07007D6EFF /* CollectionViewCell.swift */; };
		B93405E1264E9E07007D6EFF /* CollectionViewCell.xib in Resources */ = {isa = PBXBuildFile; fileRef = B93405DF264E9E07007D6EFF /* CollectionViewCell.xib */; };
		B93405E3264ED3B7007D6EFF /* CardsCollectionFlowLayout.swift in Sources */ = {isa = PBXBuildFile; fileRef = B93405E2264ED3B7007D6EFF /* CardsCollectionFlowLayout.swift */; };
		B93405F8264EE053007D6EFF /* DetailViewController.swift in Sources */ = {isa = PBXBuildFile; fileRef = B93405F7264EE053007D6EFF /* DetailViewController.swift */; };
		B94A21F72667E35B00EE8C3C /* AlertView.swift in Sources */ = {isa = PBXBuildFile; fileRef = B94A21F62667E35B00EE8C3C /* AlertView.swift */; };
		B94A21F92667E36400EE8C3C /* AlertView.xib in Resources */ = {isa = PBXBuildFile; fileRef = B94A21F82667E36400EE8C3C /* AlertView.xib */; };
		B9A0E822265FB81E00B10234 /* FirstView.swift in Sources */ = {isa = PBXBuildFile; fileRef = B9A0E821265FB81E00B10234 /* FirstView.swift */; };
		B9A0E824265FB82800B10234 /* FirstView.xib in Resources */ = {isa = PBXBuildFile; fileRef = B9A0E823265FB82800B10234 /* FirstView.xib */; };
		B9A0E826265FB84700B10234 /* SecondView.swift in Sources */ = {isa = PBXBuildFile; fileRef = B9A0E825265FB84700B10234 /* SecondView.swift */; };
		B9A0E828265FB85200B10234 /* SecondView.xib in Resources */ = {isa = PBXBuildFile; fileRef = B9A0E827265FB85200B10234 /* SecondView.xib */; };
		B9A0E82A265FBA1600B10234 /* XibView.swift in Sources */ = {isa = PBXBuildFile; fileRef = B9A0E829265FBA1600B10234 /* XibView.swift */; };
		B9A0E82C265FBBC300B10234 /* Important.swift in Sources */ = {isa = PBXBuildFile; fileRef = B9A0E82B265FBBC300B10234 /* Important.swift */; };
		B9B179DF2659515B0038AE9B /* ExitButtonViewController.swift in Sources */ = {isa = PBXBuildFile; fileRef = B9B179DE2659515B0038AE9B /* ExitButtonViewController.swift */; };
		B9CCB6E926530B5300287DA2 /* ScaleSegue.swift in Sources */ = {isa = PBXBuildFile; fileRef = B9CCB6E826530B5300287DA2 /* ScaleSegue.swift */; };
		EA862DAF264B4B520000B846 /* AppDelegate.swift in Sources */ = {isa = PBXBuildFile; fileRef = EA862DAE264B4B520000B846 /* AppDelegate.swift */; };
		EA862DB1264B4B520000B846 /* SceneDelegate.swift in Sources */ = {isa = PBXBuildFile; fileRef = EA862DB0264B4B520000B846 /* SceneDelegate.swift */; };
		EA862DB3264B4B520000B846 /* ViewController.swift in Sources */ = {isa = PBXBuildFile; fileRef = EA862DB2264B4B520000B846 /* ViewController.swift */; };
		EA862DB6264B4B520000B846 /* Main.storyboard in Resources */ = {isa = PBXBuildFile; fileRef = EA862DB4264B4B520000B846 /* Main.storyboard */; };
		EA862DB8264B4B550000B846 /* Assets.xcassets in Resources */ = {isa = PBXBuildFile; fileRef = EA862DB7264B4B550000B846 /* Assets.xcassets */; };
		EA862DBB264B4B550000B846 /* LaunchScreen.storyboard in Resources */ = {isa = PBXBuildFile; fileRef = EA862DB9264B4B550000B846 /* LaunchScreen.storyboard */; };
/* End PBXBuildFile section */

/* Begin PBXFileReference section */
		B93405DE264E9E07007D6EFF /* CollectionViewCell.swift */ = {isa = PBXFileReference; lastKnownFileType = sourcecode.swift; path = CollectionViewCell.swift; sourceTree = "<group>"; };
		B93405DF264E9E07007D6EFF /* CollectionViewCell.xib */ = {isa = PBXFileReference; lastKnownFileType = file.xib; path = CollectionViewCell.xib; sourceTree = "<group>"; };
		B93405E2264ED3B7007D6EFF /* CardsCollectionFlowLayout.swift */ = {isa = PBXFileReference; lastKnownFileType = sourcecode.swift; path = CardsCollectionFlowLayout.swift; sourceTree = "<group>"; };
		B93405F7264EE053007D6EFF /* DetailViewController.swift */ = {isa = PBXFileReference; lastKnownFileType = sourcecode.swift; path = DetailViewController.swift; sourceTree = "<group>"; };
		B94A21F62667E35B00EE8C3C /* AlertView.swift */ = {isa = PBXFileReference; lastKnownFileType = sourcecode.swift; path = AlertView.swift; sourceTree = "<group>"; };
		B94A21F82667E36400EE8C3C /* AlertView.xib */ = {isa = PBXFileReference; lastKnownFileType = file.xib; path = AlertView.xib; sourceTree = "<group>"; };
		B9A0E821265FB81E00B10234 /* FirstView.swift */ = {isa = PBXFileReference; lastKnownFileType = sourcecode.swift; path = FirstView.swift; sourceTree = "<group>"; };
		B9A0E823265FB82800B10234 /* FirstView.xib */ = {isa = PBXFileReference; lastKnownFileType = file.xib; path = FirstView.xib; sourceTree = "<group>"; };
		B9A0E825265FB84700B10234 /* SecondView.swift */ = {isa = PBXFileReference; lastKnownFileType = sourcecode.swift; path = SecondView.swift; sourceTree = "<group>"; };
		B9A0E827265FB85200B10234 /* SecondView.xib */ = {isa = PBXFileReference; lastKnownFileType = file.xib; path = SecondView.xib; sourceTree = "<group>"; };
		B9A0E829265FBA1600B10234 /* XibView.swift */ = {isa = PBXFileReference; lastKnownFileType = sourcecode.swift; path = XibView.swift; sourceTree = "<group>"; };
		B9A0E82B265FBBC300B10234 /* Important.swift */ = {isa = PBXFileReference; lastKnownFileType = sourcecode.swift; path = Important.swift; sourceTree = "<group>"; };
		B9B179DE2659515B0038AE9B /* ExitButtonViewController.swift */ = {isa = PBXFileReference; lastKnownFileType = sourcecode.swift; path = ExitButtonViewController.swift; sourceTree = "<group>"; };
		B9CCB6E826530B5300287DA2 /* ScaleSegue.swift */ = {isa = PBXFileReference; lastKnownFileType = sourcecode.swift; path = ScaleSegue.swift; sourceTree = "<group>"; };
		EA862DAB264B4B520000B846 /* denemeGit.app */ = {isa = PBXFileReference; explicitFileType = wrapper.application; includeInIndex = 0; path = denemeGit.app; sourceTree = BUILT_PRODUCTS_DIR; };
		EA862DAE264B4B520000B846 /* AppDelegate.swift */ = {isa = PBXFileReference; lastKnownFileType = sourcecode.swift; path = AppDelegate.swift; sourceTree = "<group>"; };
		EA862DB0264B4B520000B846 /* SceneDelegate.swift */ = {isa = PBXFileReference; lastKnownFileType = sourcecode.swift; path = SceneDelegate.swift; sourceTree = "<group>"; };
		EA862DB2264B4B520000B846 /* ViewController.swift */ = {isa = PBXFileReference; lastKnownFileType = sourcecode.swift; path = ViewController.swift; sourceTree = "<group>"; };
		EA862DB5264B4B520000B846 /* Base */ = {isa = PBXFileReference; lastKnownFileType = file.storyboard; name = Base; path = Base.lproj/Main.storyboard; sourceTree = "<group>"; };
		EA862DB7264B4B550000B846 /* Assets.xcassets */ = {isa = PBXFileReference; lastKnownFileType = folder.assetcatalog; path = Assets.xcassets; sourceTree = "<group>"; };
		EA862DBA264B4B550000B846 /* Base */ = {isa = PBXFileReference; lastKnownFileType = file.storyboard; name = Base; path = Base.lproj/LaunchScreen.storyboard; sourceTree = "<group>"; };
		EA862DBC264B4B550000B846 /* Info.plist */ = {isa = PBXFileReference; lastKnownFileType = text.plist.xml; path = Info.plist; sourceTree = "<group>"; };
/* End PBXFileReference section */

/* Begin PBXFrameworksBuildPhase section */
		EA862DA8264B4B520000B846 /* Frameworks */ = {
			isa = PBXFrameworksBuildPhase;
			buildActionMask = 2147483647;
			files = (
			);
			runOnlyForDeploymentPostprocessing = 0;
		};
/* End PBXFrameworksBuildPhase section */

/* Begin PBXGroup section */
		B93405E4264ED409007D6EFF /* Card */ = {
			isa = PBXGroup;
			children = (
				EA862DB2264B4B520000B846 /* ViewController.swift */,
				B93405DE264E9E07007D6EFF /* CollectionViewCell.swift */,
				B93405DF264E9E07007D6EFF /* CollectionViewCell.xib */,
				B93405E2264ED3B7007D6EFF /* CardsCollectionFlowLayout.swift */,
			);
			path = Card;
			sourceTree = "<group>";
		};
		B93405FA264EE3B4007D6EFF /* Helpers */ = {
			isa = PBXGroup;
			children = (
				EA862DB7264B4B550000B846 /* Assets.xcassets */,
				EA862DB9264B4B550000B846 /* LaunchScreen.storyboard */,
				EA862DAE264B4B520000B846 /* AppDelegate.swift */,
				EA862DB0264B4B520000B846 /* SceneDelegate.swift */,
			);
			path = Helpers;
			sourceTree = "<group>";
		};
		B93405FB264EE3C9007D6EFF /* DetailView */ = {
			isa = PBXGroup;
			children = (
				B93405F7264EE053007D6EFF /* DetailViewController.swift */,
			);
			path = DetailView;
			sourceTree = "<group>";
		};
		B9A0E820265FB80700B10234 /* XibView */ = {
			isa = PBXGroup;
			children = (
				B9A0E821265FB81E00B10234 /* FirstView.swift */,
				B9A0E823265FB82800B10234 /* FirstView.xib */,
				B9A0E825265FB84700B10234 /* SecondView.swift */,
				B9A0E827265FB85200B10234 /* SecondView.xib */,
				B94A21F62667E35B00EE8C3C /* AlertView.swift */,
				B94A21F82667E36400EE8C3C /* AlertView.xib */,
			);
			path = XibView;
			sourceTree = "<group>";
		};
		EA862DA2264B4B520000B846 = {
			isa = PBXGroup;
			children = (
				EA862DAD264B4B520000B846 /* denemeGit */,
				EA862DAC264B4B520000B846 /* Products */,
			);
			sourceTree = "<group>";
		};
		EA862DAC264B4B520000B846 /* Products */ = {
			isa = PBXGroup;
			children = (
				EA862DAB264B4B520000B846 /* denemeGit.app */,
			);
			name = Products;
			sourceTree = "<group>";
		};
		EA862DAD264B4B520000B846 /* denemeGit */ = {
			isa = PBXGroup;
			children = (
				EA862DB4264B4B520000B846 /* Main.storyboard */,
				B9A0E820265FB80700B10234 /* XibView */,
				B93405FA264EE3B4007D6EFF /* Helpers */,
				B93405FB264EE3C9007D6EFF /* DetailView */,
				B93405E4264ED409007D6EFF /* Card */,
				EA862DBC264B4B550000B846 /* Info.plist */,
				B9CCB6E826530B5300287DA2 /* ScaleSegue.swift */,
				B9B179DE2659515B0038AE9B /* ExitButtonViewController.swift */,
				B9A0E829265FBA1600B10234 /* XibView.swift */,
				B9A0E82B265FBBC300B10234 /* Important.swift */,
			);
			path = denemeGit;
			sourceTree = "<group>";
		};
/* End PBXGroup section */

/* Begin PBXNativeTarget section */
		EA862DAA264B4B520000B846 /* denemeGit */ = {
			isa = PBXNativeTarget;
			buildConfigurationList = EA862DBF264B4B550000B846 /* Build configuration list for PBXNativeTarget "denemeGit" */;
			buildPhases = (
				EA862DA7264B4B520000B846 /* Sources */,
				EA862DA8264B4B520000B846 /* Frameworks */,
				EA862DA9264B4B520000B846 /* Resources */,
			);
			buildRules = (
			);
			dependencies = (
			);
			name = denemeGit;
			productName = denemeGit;
			productReference = EA862DAB264B4B520000B846 /* denemeGit.app */;
			productType = "com.apple.product-type.application";
		};
/* End PBXNativeTarget section */

/* Begin PBXProject section */
		EA862DA3264B4B520000B846 /* Project object */ = {
			isa = PBXProject;
			attributes = {
				LastSwiftUpdateCheck = 1250;
				LastUpgradeCheck = 1250;
				TargetAttributes = {
					EA862DAA264B4B520000B846 = {
						CreatedOnToolsVersion = 12.5;
					};
				};
			};
			buildConfigurationList = EA862DA6264B4B520000B846 /* Build configuration list for PBXProject "denemeGit" */;
			compatibilityVersion = "Xcode 9.3";
			developmentRegion = en;
			hasScannedForEncodings = 0;
			knownRegions = (
				en,
				Base,
			);
			mainGroup = EA862DA2264B4B520000B846;
			productRefGroup = EA862DAC264B4B520000B846 /* Products */;
			projectDirPath = "";
			projectRoot = "";
			targets = (
				EA862DAA264B4B520000B846 /* denemeGit */,
			);
		};
/* End PBXProject section */

/* Begin PBXResourcesBuildPhase section */
		EA862DA9264B4B520000B846 /* Resources */ = {
			isa = PBXResourcesBuildPhase;
			buildActionMask = 2147483647;
			files = (
				B94A21F92667E36400EE8C3C /* AlertView.xib in Resources */,
				B9A0E828265FB85200B10234 /* SecondView.xib in Resources */,
				EA862DBB264B4B550000B846 /* LaunchScreen.storyboard in Resources */,
				EA862DB8264B4B550000B846 /* Assets.xcassets in Resources */,
				B9A0E824265FB82800B10234 /* FirstView.xib in Resources */,
				B93405E1264E9E07007D6EFF /* CollectionViewCell.xib in Resources */,
				EA862DB6264B4B520000B846 /* Main.storyboard in Resources */,
			);
			runOnlyForDeploymentPostprocessing = 0;
		};
/* End PBXResourcesBuildPhase section */

/* Begin PBXSourcesBuildPhase section */
		EA862DA7264B4B520000B846 /* Sources */ = {
			isa = PBXSourcesBuildPhase;
			buildActionMask = 2147483647;
			files = (
				EA862DB3264B4B520000B846 /* ViewController.swift in Sources */,
				B9A0E822265FB81E00B10234 /* FirstView.swift in Sources */,
				EA862DAF264B4B520000B846 /* AppDelegate.swift in Sources */,
				B9CCB6E926530B5300287DA2 /* ScaleSegue.swift in Sources */,
				B9A0E82C265FBBC300B10234 /* Important.swift in Sources */,
				B93405E3264ED3B7007D6EFF /* CardsCollectionFlowLayout.swift in Sources */,
				B9A0E826265FB84700B10234 /* SecondView.swift in Sources */,
				B93405E0264E9E07007D6EFF /* CollectionViewCell.swift in Sources */,
				B94A21F72667E35B00EE8C3C /* AlertView.swift in Sources */,
				B9A0E82A265FBA1600B10234 /* XibView.swift in Sources */,
				EA862DB1264B4B520000B846 /* SceneDelegate.swift in Sources */,
				B9B179DF2659515B0038AE9B /* ExitButtonViewController.swift in Sources */,
				B93405F8264EE053007D6EFF /* DetailViewController.swift in Sources */,
			);
			runOnlyForDeploymentPostprocessing = 0;
		};
/* End PBXSourcesBuildPhase section */

/* Begin PBXVariantGroup section */
		EA862DB4264B4B520000B846 /* Main.storyboard */ = {
			isa = PBXVariantGroup;
			children = (
				EA862DB5264B4B520000B846 /* Base */,
			);
			name = Main.storyboard;
			sourceTree = "<group>";
		};
		EA862DB9264B4B550000B846 /* LaunchScreen.storyboard */ = {
			isa = PBXVariantGroup;
			children = (
				EA862DBA264B4B550000B846 /* Base */,
			);
			name = LaunchScreen.storyboard;
			sourceTree = "<group>";
		};
/* End PBXVariantGroup section */

/* Begin XCBuildConfiguration section */
		EA862DBD264B4B550000B846 /* Debug */ = {
			isa = XCBuildConfiguration;
			buildSettings = {
				ALWAYS_SEARCH_USER_PATHS = NO;
				CLANG_ANALYZER_NONNULL = YES;
				CLANG_ANALYZER_NUMBER_OBJECT_CONVERSION = YES_AGGRESSIVE;
				CLANG_CXX_LANGUAGE_STANDARD = "gnu++14";
				CLANG_CXX_LIBRARY = "libc++";
				CLANG_ENABLE_MODULES = YES;
				CLANG_ENABLE_OBJC_ARC = YES;
				CLANG_ENABLE_OBJC_WEAK = YES;
				CLANG_WARN_BLOCK_CAPTURE_AUTORELEASING = YES;
				CLANG_WARN_BOOL_CONVERSION = YES;
				CLANG_WARN_COMMA = YES;
				CLANG_WARN_CONSTANT_CONVERSION = YES;
				CLANG_WARN_DEPRECATED_OBJC_IMPLEMENTATIONS = YES;
				CLANG_WARN_DIRECT_OBJC_ISA_USAGE = YES_ERROR;
				CLANG_WARN_DOCUMENTATION_COMMENTS = YES;
				CLANG_WARN_EMPTY_BODY = YES;
				CLANG_WARN_ENUM_CONVERSION = YES;
				CLANG_WARN_INFINITE_RECURSION = YES;
				CLANG_WARN_INT_CONVERSION = YES;
				CLANG_WARN_NON_LITERAL_NULL_CONVERSION = YES;
				CLANG_WARN_OBJC_IMPLICIT_RETAIN_SELF = YES;
				CLANG_WARN_OBJC_LITERAL_CONVERSION = YES;
				CLANG_WARN_OBJC_ROOT_CLASS = YES_ERROR;
				CLANG_WARN_QUOTED_INCLUDE_IN_FRAMEWORK_HEADER = YES;
				CLANG_WARN_RANGE_LOOP_ANALYSIS = YES;
				CLANG_WARN_STRICT_PROTOTYPES = YES;
				CLANG_WARN_SUSPICIOUS_MOVE = YES;
				CLANG_WARN_UNGUARDED_AVAILABILITY = YES_AGGRESSIVE;
				CLANG_WARN_UNREACHABLE_CODE = YES;
				CLANG_WARN__DUPLICATE_METHOD_MATCH = YES;
				COPY_PHASE_STRIP = NO;
				DEBUG_INFORMATION_FORMAT = dwarf;
				ENABLE_STRICT_OBJC_MSGSEND = YES;
				ENABLE_TESTABILITY = YES;
				GCC_C_LANGUAGE_STANDARD = gnu11;
				GCC_DYNAMIC_NO_PIC = NO;
				GCC_NO_COMMON_BLOCKS = YES;
				GCC_OPTIMIZATION_LEVEL = 0;
				GCC_PREPROCESSOR_DEFINITIONS = (
					"DEBUG=1",
					"$(inherited)",
				);
				GCC_WARN_64_TO_32_BIT_CONVERSION = YES;
				GCC_WARN_ABOUT_RETURN_TYPE = YES_ERROR;
				GCC_WARN_UNDECLARED_SELECTOR = YES;
				GCC_WARN_UNINITIALIZED_AUTOS = YES_AGGRESSIVE;
				GCC_WARN_UNUSED_FUNCTION = YES;
				GCC_WARN_UNUSED_VARIABLE = YES;
				IPHONEOS_DEPLOYMENT_TARGET = 14.5;
				MTL_ENABLE_DEBUG_INFO = INCLUDE_SOURCE;
				MTL_FAST_MATH = YES;
				ONLY_ACTIVE_ARCH = YES;
				SDKROOT = iphoneos;
				SWIFT_ACTIVE_COMPILATION_CONDITIONS = DEBUG;
				SWIFT_OPTIMIZATION_LEVEL = "-Onone";
			};
			name = Debug;
		};
		EA862DBE264B4B550000B846 /* Release */ = {
			isa = XCBuildConfiguration;
			buildSettings = {
				ALWAYS_SEARCH_USER_PATHS = NO;
				CLANG_ANALYZER_NONNULL = YES;
				CLANG_ANALYZER_NUMBER_OBJECT_CONVERSION = YES_AGGRESSIVE;
				CLANG_CXX_LANGUAGE_STANDARD = "gnu++14";
				CLANG_CXX_LIBRARY = "libc++";
				CLANG_ENABLE_MODULES = YES;
				CLANG_ENABLE_OBJC_ARC = YES;
				CLANG_ENABLE_OBJC_WEAK = YES;
				CLANG_WARN_BLOCK_CAPTURE_AUTORELEASING = YES;
				CLANG_WARN_BOOL_CONVERSION = YES;
				CLANG_WARN_COMMA = YES;
				CLANG_WARN_CONSTANT_CONVERSION = YES;
				CLANG_WARN_DEPRECATED_OBJC_IMPLEMENTATIONS = YES;
				CLANG_WARN_DIRECT_OBJC_ISA_USAGE = YES_ERROR;
				CLANG_WARN_DOCUMENTATION_COMMENTS = YES;
				CLANG_WARN_EMPTY_BODY = YES;
				CLANG_WARN_ENUM_CONVERSION = YES;
				CLANG_WARN_INFINITE_RECURSION = YES;
				CLANG_WARN_INT_CONVERSION = YES;
				CLANG_WARN_NON_LITERAL_NULL_CONVERSION = YES;
				CLANG_WARN_OBJC_IMPLICIT_RETAIN_SELF = YES;
				CLANG_WARN_OBJC_LITERAL_CONVERSION = YES;
				CLANG_WARN_OBJC_ROOT_CLASS = YES_ERROR;
				CLANG_WARN_QUOTED_INCLUDE_IN_FRAMEWORK_HEADER = YES;
				CLANG_WARN_RANGE_LOOP_ANALYSIS = YES;
				CLANG_WARN_STRICT_PROTOTYPES = YES;
				CLANG_WARN_SUSPICIOUS_MOVE = YES;
				CLANG_WARN_UNGUARDED_AVAILABILITY = YES_AGGRESSIVE;
				CLANG_WARN_UNREACHABLE_CODE = YES;
				CLANG_WARN__DUPLICATE_METHOD_MATCH = YES;
				COPY_PHASE_STRIP = NO;
				DEBUG_INFORMATION_FORMAT = "dwarf-with-dsym";
				ENABLE_NS_ASSERTIONS = NO;
				ENABLE_STRICT_OBJC_MSGSEND = YES;
				GCC_C_LANGUAGE_STANDARD = gnu11;
				GCC_NO_COMMON_BLOCKS = YES;
				GCC_WARN_64_TO_32_BIT_CONVERSION = YES;
				GCC_WARN_ABOUT_RETURN_TYPE = YES_ERROR;
				GCC_WARN_UNDECLARED_SELECTOR = YES;
				GCC_WARN_UNINITIALIZED_AUTOS = YES_AGGRESSIVE;
				GCC_WARN_UNUSED_FUNCTION = YES;
				GCC_WARN_UNUSED_VARIABLE = YES;
				IPHONEOS_DEPLOYMENT_TARGET = 14.5;
				MTL_ENABLE_DEBUG_INFO = NO;
				MTL_FAST_MATH = YES;
				SDKROOT = iphoneos;
				SWIFT_COMPILATION_MODE = wholemodule;
				SWIFT_OPTIMIZATION_LEVEL = "-O";
				VALIDATE_PRODUCT = YES;
			};
			name = Release;
		};
		EA862DC0264B4B550000B846 /* Debug */ = {
			isa = XCBuildConfiguration;
			buildSettings = {
				ASSETCATALOG_COMPILER_APPICON_NAME = AppIcon;
				ASSETCATALOG_COMPILER_GLOBAL_ACCENT_COLOR_NAME = AccentColor;
				CODE_SIGN_STYLE = Automatic;
				DEVELOPMENT_TEAM = 8WMHQ3J6DZ;
				INFOPLIST_FILE = denemeGit/Info.plist;
				LD_RUNPATH_SEARCH_PATHS = (
					"$(inherited)",
					"@executable_path/Frameworks",
				);
				PRODUCT_BUNDLE_IDENTIFIER = ekremozkaraca.denemeGit;
				PRODUCT_NAME = "$(TARGET_NAME)";
				SWIFT_VERSION = 5.0;
				TARGETED_DEVICE_FAMILY = "1,2";
			};
			name = Debug;
		};
		EA862DC1264B4B550000B846 /* Release */ = {
			isa = XCBuildConfiguration;
			buildSettings = {
				ASSETCATALOG_COMPILER_APPICON_NAME = AppIcon;
				ASSETCATALOG_COMPILER_GLOBAL_ACCENT_COLOR_NAME = AccentColor;
				CODE_SIGN_STYLE = Automatic;
				DEVELOPMENT_TEAM = 8WMHQ3J6DZ;
				INFOPLIST_FILE = denemeGit/Info.plist;
				LD_RUNPATH_SEARCH_PATHS = (
					"$(inherited)",
					"@executable_path/Frameworks",
				);
				PRODUCT_BUNDLE_IDENTIFIER = ekremozkaraca.denemeGit;
				PRODUCT_NAME = "$(TARGET_NAME)";
				SWIFT_VERSION = 5.0;
				TARGETED_DEVICE_FAMILY = "1,2";
			};
			name = Release;
		};
/* End XCBuildConfiguration section */

/* Begin XCConfigurationList section */
		EA862DA6264B4B520000B846 /* Build configuration list for PBXProject "denemeGit" */ = {
			isa = XCConfigurationList;
			buildConfigurations = (
				EA862DBD264B4B550000B846 /* Debug */,
				EA862DBE264B4B550000B846 /* Release */,
			);
			defaultConfigurationIsVisible = 0;
			defaultConfigurationName = Release;
		};
		EA862DBF264B4B550000B846 /* Build configuration list for PBXNativeTarget "denemeGit" */ = {
			isa = XCConfigurationList;
			buildConfigurations = (
				EA862DC0264B4B550000B846 /* Debug */,
				EA862DC1264B4B550000B846 /* Release */,
			);
			defaultConfigurationIsVisible = 0;
			defaultConfigurationName = Release;
		};
/* End XCConfigurationList section */
	};
	rootObject = EA862DA3264B4B520000B846 /* Project object */;
}
